
Microsoft Visual Studio Solution File, Format Version 12.00
# Visual Studio 15
VisualStudioVersion = 15.0.27130.2010
MinimumVisualStudioVersion = 10.0.40219.1
Project("{FAE04EC0-301F-11D3-BF4B-00C04F79EFBC}") = "CNTKExamples", "CNTKExamples\CNTKExamples.csproj", "{343EBC93-529B-44A5-A06B-874F5BD096E4}"
EndProject
Global
	GlobalSection(SolutionConfigurationPlatforms) = preSolution
		Debug|Any CPU = Debug|Any CPU
		Release|Any CPU = Release|Any CPU
	EndGlobalSection
	GlobalSection(ProjectConfigurationPlatforms) = postSolution
		{343EBC93-529B-44A5-A06B-874F5BD096E4}.Debug|Any CPU.ActiveCfg = Debug|Any CPU
		{343EBC93-529B-44A5-A06B-874F5BD096E4}.Debug|Any CPU.Build.0 = Debug|Any CPU
		{343EBC93-529B-44A5-A06B-874F5BD096E4}.Release|Any CPU.ActiveCfg = Release|Any CPU
		{343EBC93-529B-44A5-A06B-874F5BD096E4}.Release|Any CPU.Build.0 = Release|Any CPU
	EndGlobalSection
	GlobalSection(SolutionProperties) = preSolution
		HideSolutionNode = FALSE
	EndGlobalSection
	GlobalSection(ExtensibilityGlobals) = postSolution
		SolutionGuid = {53BEC6F0-6118-47C8-9030-6C04ED320384}
	EndGlobalSection
EndGlobal
